{
  "version": 4,
  "terraform_version": "1.5.7",
  "serial": 29,
  "lineage": "ca92e03b-fa0c-cf76-c091-43f4124b6ad8",
  "outputs": {},
  "resources": [
    {
      "mode": "data",
      "type": "google_iam_policy",
      "name": "admin",
      "provider": "provider[\"registry.terraform.io/hashicorp/google\"]",
      "instances": [
        {
          "schema_version": 0,
          "attributes": {
            "audit_config": null,
            "binding": [
              {
                "condition": [],
                "members": [
                  "user:terraform@data-rainfall-396303.iam.gserviceaccount.com"
                ],
                "role": "roles/cloudkms.cryptoKeyEncrypter"
              }
            ],
            "id": "1000959617",
            "policy_data": "{\"bindings\":[{\"members\":[\"user:terraform@data-rainfall-396303.iam.gserviceaccount.com\"],\"role\":\"roles/cloudkms.cryptoKeyEncrypter\"}]}"
          },
          "sensitive_attributes": []
        }
      ]
    },
    {
      "mode": "managed",
      "type": "google_kms_crypto_key",
      "name": "key",
      "provider": "provider[\"registry.terraform.io/hashicorp/google\"]",
      "instances": [
        {
          "schema_version": 1,
          "attributes": {
            "destroy_scheduled_duration": "86400s",
            "id": "projects/data-rainfall-396303/locations/global/keyRings/keyring-example/cryptoKeys/crypto-key-example",
            "import_only": false,
            "key_ring": "projects/data-rainfall-396303/locations/global/keyRings/keyring-example",
            "labels": {},
            "name": "crypto-key-example",
            "purpose": "ENCRYPT_DECRYPT",
            "rotation_period": "",
            "skip_initial_version_creation": false,
            "timeouts": null,
            "version_template": [
              {
                "algorithm": "GOOGLE_SYMMETRIC_ENCRYPTION",
                "protection_level": "SOFTWARE"
              }
            ]
          },
          "sensitive_attributes": [],
          "private": "eyJlMmJmYjczMC1lY2FhLTExZTYtOGY4OC0zNDM2M2JjN2M0YzAiOnsiY3JlYXRlIjoxMjAwMDAwMDAwMDAwLCJkZWxldGUiOjEyMDAwMDAwMDAwMDAsInVwZGF0ZSI6MTIwMDAwMDAwMDAwMH0sInNjaGVtYV92ZXJzaW9uIjoiMSJ9",
          "dependencies": [
            "google_kms_key_ring.keyring"
          ]
        }
      ]
    },
    {
      "mode": "managed",
      "type": "google_kms_key_ring",
      "name": "keyring",
      "provider": "provider[\"registry.terraform.io/hashicorp/google\"]",
      "instances": [
        {
          "schema_version": 0,
          "attributes": {
            "id": "projects/data-rainfall-396303/locations/global/keyRings/keyring-example",
            "location": "global",
            "name": "keyring-example",
            "project": "data-rainfall-396303",
            "timeouts": null
          },
          "sensitive_attributes": [],
          "private": "eyJlMmJmYjczMC1lY2FhLTExZTYtOGY4OC0zNDM2M2JjN2M0YzAiOnsiY3JlYXRlIjoxMjAwMDAwMDAwMDAwLCJkZWxldGUiOjEyMDAwMDAwMDAwMDB9fQ=="
        }
      ]
    },
    {
      "mode": "managed",
      "type": "google_secret_manager_secret",
      "name": "secret-basic",
      "provider": "provider[\"registry.terraform.io/hashicorp/google\"]",
      "instances": [
        {
          "schema_version": 0,
          "attributes": {
            "annotations": {},
            "create_time": "2023-09-30T04:42:09.127802Z",
            "expire_time": "",
            "id": "projects/data-rainfall-396303/secrets/secret-version",
            "labels": {
              "label": "my-label"
            },
            "name": "projects/880089628389/secrets/secret-version",
            "project": "data-rainfall-396303",
            "replication": [
              {
                "auto": [
                  {
                    "customer_managed_encryption": []
                  }
                ],
                "automatic": false,
                "user_managed": []
              }
            ],
            "rotation": [],
            "secret_id": "secret-version",
            "timeouts": null,
            "topics": [],
            "ttl": null,
            "version_aliases": {}
          },
          "sensitive_attributes": [],
          "private": "eyJlMmJmYjczMC1lY2FhLTExZTYtOGY4OC0zNDM2M2JjN2M0YzAiOnsiY3JlYXRlIjoxMjAwMDAwMDAwMDAwLCJkZWxldGUiOjEyMDAwMDAwMDAwMDAsInVwZGF0ZSI6MTIwMDAwMDAwMDAwMH19"
        }
      ]
    },
    {
      "mode": "managed",
      "type": "google_secret_manager_secret_version",
      "name": "secret-version-basic",
      "provider": "provider[\"registry.terraform.io/hashicorp/google\"]",
      "instances": [
        {
          "schema_version": 0,
          "attributes": {
            "create_time": "2023-09-30T04:42:14.928382Z",
            "deletion_policy": "DELETE",
            "destroy_time": "",
            "enabled": true,
            "id": "projects/880089628389/secrets/secret-version/versions/1",
            "is_secret_data_base64": false,
            "name": "projects/880089628389/secrets/secret-version/versions/1",
            "secret": "projects/data-rainfall-396303/secrets/secret-version",
            "secret_data": "secret-data",
            "timeouts": null,
            "version": "1"
          },
          "sensitive_attributes": [],
          "private": "eyJlMmJmYjczMC1lY2FhLTExZTYtOGY4OC0zNDM2M2JjN2M0YzAiOnsiY3JlYXRlIjoxMjAwMDAwMDAwMDAwLCJkZWxldGUiOjEyMDAwMDAwMDAwMDB9fQ==",
          "dependencies": [
            "google_secret_manager_secret.secret-basic"
          ]
        }
      ]
    }
  ],
  "check_results": null
}
