{
  "version": 4,
  "terraform_version": "1.5.7",
  "serial": 49,
  "lineage": "ca92e03b-fa0c-cf76-c091-43f4124b6ad8",
  "outputs": {},
  "resources": [
    {
      "mode": "managed",
      "type": "google_cloudbuild_trigger",
      "name": "filename-trigger",
      "provider": "provider[\"registry.terraform.io/hashicorp/google\"]",
      "instances": [
        {
          "schema_version": 2,
          "attributes": {
            "approval_config": [
              {
                "approval_required": false
              }
            ],
            "bitbucket_server_trigger_config": [],
            "build": [],
            "create_time": "2023-09-30T05:12:00.478806437Z",
            "description": "",
            "disabled": false,
            "filename": "test-cloudbuild.yaml",
            "filter": "",
            "git_file_source": [],
            "github": [],
            "id": "projects/data-rainfall-396303/locations/us-central1/triggers/a47ae916-81f3-43fb-8f78-68f9dbde2260",
            "ignored_files": [],
            "include_build_logs": "",
            "included_files": [],
            "location": "us-central1",
            "name": "trigger",
            "project": "data-rainfall-396303",
            "pubsub_config": [],
            "repository_event_config": [],
            "service_account": "",
            "source_to_build": [],
            "substitutions": {
              "_BAZ": "qux",
              "_FOO": "bar"
            },
            "tags": [],
            "timeouts": null,
            "trigger_id": "a47ae916-81f3-43fb-8f78-68f9dbde2260",
            "trigger_template": [
              {
                "branch_name": "main",
                "commit_sha": "",
                "dir": "",
                "invert_regex": false,
                "project_id": "data-rainfall-396303",
                "repo_name": "gke",
                "tag_name": ""
              }
            ],
            "webhook_config": []
          },
          "sensitive_attributes": [],
          "private": "eyJlMmJmYjczMC1lY2FhLTExZTYtOGY4OC0zNDM2M2JjN2M0YzAiOnsiY3JlYXRlIjoxMjAwMDAwMDAwMDAwLCJkZWxldGUiOjEyMDAwMDAwMDAwMDAsInVwZGF0ZSI6MTIwMDAwMDAwMDAwMH0sInNjaGVtYV92ZXJzaW9uIjoiMiJ9"
        }
      ]
    },
    {
      "mode": "managed",
      "type": "google_secret_manager_secret",
      "name": "secret-basic",
      "provider": "provider[\"registry.terraform.io/hashicorp/google\"]",
      "instances": [
        {
          "schema_version": 0,
          "attributes": {
            "annotations": {},
            "create_time": "2023-09-30T05:12:00.931665Z",
            "expire_time": "",
            "id": "projects/data-rainfall-396303/secrets/secret-version",
            "labels": {
              "label": "my-label"
            },
            "name": "projects/880089628389/secrets/secret-version",
            "project": "data-rainfall-396303",
            "replication": [
              {
                "auto": [
                  {
                    "customer_managed_encryption": []
                  }
                ],
                "automatic": false,
                "user_managed": []
              }
            ],
            "rotation": [],
            "secret_id": "secret-version",
            "timeouts": null,
            "topics": [],
            "ttl": null,
            "version_aliases": {}
          },
          "sensitive_attributes": [],
          "private": "eyJlMmJmYjczMC1lY2FhLTExZTYtOGY4OC0zNDM2M2JjN2M0YzAiOnsiY3JlYXRlIjoxMjAwMDAwMDAwMDAwLCJkZWxldGUiOjEyMDAwMDAwMDAwMDAsInVwZGF0ZSI6MTIwMDAwMDAwMDAwMH19"
        }
      ]
    },
    {
      "mode": "managed",
      "type": "google_secret_manager_secret_version",
      "name": "secret-version-basic",
      "provider": "provider[\"registry.terraform.io/hashicorp/google\"]",
      "instances": [
        {
          "schema_version": 0,
          "attributes": {
            "create_time": "2023-09-30T05:12:07.449216Z",
            "deletion_policy": "DELETE",
            "destroy_time": "",
            "enabled": true,
            "id": "projects/880089628389/secrets/secret-version/versions/1",
            "is_secret_data_base64": false,
            "name": "projects/880089628389/secrets/secret-version/versions/1",
            "secret": "projects/data-rainfall-396303/secrets/secret-version",
            "secret_data": "secret-data",
            "timeouts": null,
            "version": "1"
          },
          "sensitive_attributes": [],
          "private": "eyJlMmJmYjczMC1lY2FhLTExZTYtOGY4OC0zNDM2M2JjN2M0YzAiOnsiY3JlYXRlIjoxMjAwMDAwMDAwMDAwLCJkZWxldGUiOjEyMDAwMDAwMDAwMDB9fQ==",
          "dependencies": [
            "google_secret_manager_secret.secret-basic"
          ]
        }
      ]
    }
  ],
  "check_results": null
}
